{
    "name": "ui-theme-designer-design-tokens",
    "lockfileVersion": 3,
    "requires": true,
    "packages": {
        "": {
            "dependencies": {
                "@openui5/sap.f": "^1.149.1",
                "@openui5/sap.m": "^1.149.1",
                "@openui5/sap.tnt": "^1.149.1",
                "@openui5/sap.ui.codeeditor": "^1.149.1",
                "@openui5/sap.ui.commons": "^1.149.1",
                "@openui5/sap.ui.core": "^1.149.1",
                "@openui5/sap.ui.dt": "^1.149.1",
                "@openui5/sap.ui.fl": "^1.149.1",
                "@openui5/sap.ui.integration": "^1.149.1",
                "@openui5/sap.ui.layout": "^1.149.1",
                "@openui5/sap.ui.mdc": "^1.149.1",
                "@openui5/sap.ui.rta": "^1.149.1",
                "@openui5/sap.ui.suite": "^1.149.1",
                "@openui5/sap.ui.table": "^1.149.1",
                "@openui5/sap.ui.unified": "^1.149.1",
                "@openui5/sap.ui.ux3": "^1.149.1",
                "@openui5/sap.uxap": "^1.149.1",
                "@openui5/themelib_sap_belize": "^1.149.1",
                "@openui5/themelib_sap_fiori_3": "^1.149.1",
                "@openui5/themelib_sap_horizon": "^1.149.1",
                "@sap-theming/theming-base-content": "^11.36.4",
                "@ui5/webcomponents": "^2.23.2",
                "@ui5/webcomponents-ai": "^2.23.2",
                "@ui5/webcomponents-compat": "^2.23.2",
                "@ui5/webcomponents-fiori": "^2.23.2",
                "fundamental-styles": "^0.41.7"
            }
        },
        "node_modules/@fundamental-styles/common-css": {
            "version": "0.41.7",
            "resolved": "https://registry.npmjs.org/@fundamental-styles/common-css/-/common-css-0.41.7.tgz",
            "integrity": "sha512-szEJx5X2ba+oEwBtGvn/gDa8Y2jOcX1zn9w5LBo/XmvBk4KpHmne20N5j0PFXPHY6d6l47APRpSNnF+xKwNk5g==",
            "license": "Apache-2.0",
            "peer": true,
            "dependencies": {
                "@sap-theming/theming-base-content": "^11.35.0"
            }
        },
        "node_modules/@lit-labs/ssr-dom-shim": {
            "version": "1.6.0",
            "resolved": "https://registry.npmjs.org/@lit-labs/ssr-dom-shim/-/ssr-dom-shim-1.6.0.tgz",
            "integrity": "sha512-VHb0ALPMTlgKjM6yIxxoQNnpKyUKLD04VzeQdsiXkMqkvYlAHxq9glGLmgbb889/1GsohSOAjvQYoiBppXFqrQ==",
            "license": "BSD-3-Clause"
        },
        "node_modules/@openui5/sap.f": {
            "version": "1.149.1",
            "resolved": "https://registry.npmjs.org/@openui5/sap.f/-/sap.f-1.149.1.tgz",
            "integrity": "sha512-4e2uUBVRUXk6v7Tau2GpRWRmZ0Ul7uYvlXXFtkaSTX9WblAKpUFQLND/OX9apzC5IebE6G+AWw8tkEt4NGjUCw==",
            "license": "Apache-2.0",
            "dependencies": {
                "@openui5/sap.m": "1.149.1",
                "@openui5/sap.ui.core": "1.149.1",
                "@openui5/sap.ui.layout": "1.149.1"
            }
        },
        "node_modules/@openui5/sap.m": {
            "version": "1.149.1",
            "resolved": "https://registry.npmjs.org/@openui5/sap.m/-/sap.m-1.149.1.tgz",
            "integrity": "sha512-04H7jM9hmtAvlSIDdlsk7H2nKgfVyN0UMZuCY6oTRmlj0cFKk7ofEvemLIYLWBiluI4SGMyOgOJSqvOGJ1URxg==",
            "license": "Apache-2.0",
            "dependencies": {
                "@openui5/sap.ui.core": "1.149.1",
                "@openui5/sap.ui.layout": "1.149.1",
                "@openui5/sap.ui.unified": "1.149.1"
            }
        },
        "node_modules/@openui5/sap.tnt": {
            "version": "1.149.1",
            "resolved": "https://registry.npmjs.org/@openui5/sap.tnt/-/sap.tnt-1.149.1.tgz",
            "integrity": "sha512-TbVGn5I8C9uw6OlCas0yesFk963cSfyVAzIHx6xV79JHMCBxqjwU4Refhc4rPuCxCuVvq730nRBA5sYJrrPc2g==",
            "license": "Apache-2.0",
            "dependencies": {
                "@openui5/sap.m": "1.149.1",
                "@openui5/sap.ui.core": "1.149.1"
            }
        },
        "node_modules/@openui5/sap.ui.codeeditor": {
            "version": "1.149.1",
            "resolved": "https://registry.npmjs.org/@openui5/sap.ui.codeeditor/-/sap.ui.codeeditor-1.149.1.tgz",
            "integrity": "sha512-VqSmtw0o9iKIxX32U0SYAfcP5Mg0JUp63S+0yYxLyue1vop/U6qW+OpxTjwiUJ4q7hTN+aPibPs8lWYja3QVKA==",
            "license": "Apache-2.0",
            "dependencies": {
                "@openui5/sap.ui.core": "1.149.1"
            }
        },
        "node_modules/@openui5/sap.ui.commons": {
            "version": "1.149.1",
            "resolved": "https://registry.npmjs.org/@openui5/sap.ui.commons/-/sap.ui.commons-1.149.1.tgz",
            "integrity": "sha512-YU23Yhs8+dcQ5wVARfZOFMwEsrzMKf4RrP3ldwmJ7BBBppk4cLJUjohY7GO51a+oGLRs5O5Z/ZswXFcNnluYTQ==",
            "license": "Apache-2.0",
            "dependencies": {
                "@openui5/sap.ui.core": "1.149.1",
                "@openui5/sap.ui.layout": "1.149.1",
                "@openui5/sap.ui.unified": "1.149.1"
            }
        },
        "node_modules/@openui5/sap.ui.core": {
            "version": "1.149.1",
            "resolved": "https://registry.npmjs.org/@openui5/sap.ui.core/-/sap.ui.core-1.149.1.tgz",
            "integrity": "sha512-E/SFyTMyzOH/cCmepXeWsdZcvdDsTdLRwbs8roYnhNnehmkkP6iLlYxU5qX1tUTAWMz0Q63IexNkwnbw00IDsA==",
            "license": "Apache-2.0"
        },
        "node_modules/@openui5/sap.ui.dt": {
            "version": "1.149.1",
            "resolved": "https://registry.npmjs.org/@openui5/sap.ui.dt/-/sap.ui.dt-1.149.1.tgz",
            "integrity": "sha512-yfPr8l4Yas7IL6qbYdLFwKjtsi9TVrRgH9KXL9oSEEGJVSV1jLqTxZ6RS2sYGM+Fjd+xhrb/qk8RUnuV+wDTnQ==",
            "license": "Apache-2.0",
            "dependencies": {
                "@openui5/sap.ui.core": "1.149.1"
            }
        },
        "node_modules/@openui5/sap.ui.fl": {
            "version": "1.149.1",
            "resolved": "https://registry.npmjs.org/@openui5/sap.ui.fl/-/sap.ui.fl-1.149.1.tgz",
            "integrity": "sha512-5Gm6/Kb3uyiOFkfz3MhXgDdKh5tK49I0SlnkEFkt2mFi7hHz4QbvgzQ3gCCl5uV+CXmr+IzRKM/h8doLfHIgVw==",
            "license": "Apache-2.0",
            "dependencies": {
                "@openui5/sap.m": "1.149.1",
                "@openui5/sap.ui.core": "1.149.1"
            }
        },
        "node_modules/@openui5/sap.ui.integration": {
            "version": "1.149.1",
            "resolved": "https://registry.npmjs.org/@openui5/sap.ui.integration/-/sap.ui.integration-1.149.1.tgz",
            "integrity": "sha512-8eArRqQB/DMh31jfrYEMOKJ3sV3SFGoG3cKUd1rjFVzjmqp7XHYWCelv0yxwGziyCpwdtIpvmVPXj/HNsKzn6w==",
            "license": "Apache-2.0",
            "dependencies": {
                "@openui5/sap.f": "1.149.1",
                "@openui5/sap.m": "1.149.1",
                "@openui5/sap.ui.core": "1.149.1",
                "@openui5/sap.ui.layout": "1.149.1",
                "@openui5/sap.ui.unified": "1.149.1"
            }
        },
        "node_modules/@openui5/sap.ui.layout": {
            "version": "1.149.1",
            "resolved": "https://registry.npmjs.org/@openui5/sap.ui.layout/-/sap.ui.layout-1.149.1.tgz",
            "integrity": "sha512-KGgZ+J/lLSkUgrkOo+QzEmZzhuk2hu+LLsKMmM39QwrK5nyPEykP5w7SqLu1jYWcIv3bT8fG31DbXnp680BBkQ==",
            "license": "Apache-2.0",
            "dependencies": {
                "@openui5/sap.ui.core": "1.149.1"
            }
        },
        "node_modules/@openui5/sap.ui.mdc": {
            "version": "1.149.1",
            "resolved": "https://registry.npmjs.org/@openui5/sap.ui.mdc/-/sap.ui.mdc-1.149.1.tgz",
            "integrity": "sha512-xLegAmibWuQzBQzMBYAVGfnRC7sGA/pvz/GNOONVaC8uHROOsBBPfA+4eSiqZbfcl7k0n1HnDXBtVzU78pQklA==",
            "license": "Apache-2.0",
            "dependencies": {
                "@openui5/sap.m": "1.149.1",
                "@openui5/sap.ui.core": "1.149.1",
                "@openui5/sap.ui.layout": "1.149.1"
            }
        },
        "node_modules/@openui5/sap.ui.rta": {
            "version": "1.149.1",
            "resolved": "https://registry.npmjs.org/@openui5/sap.ui.rta/-/sap.ui.rta-1.149.1.tgz",
            "integrity": "sha512-CRInzqOVY69uEZ7w5RqA7DXD6SGeAsx5York3A9qBhCrZ+GnYuKktiIseJPqN1S4r5lvewyDrkaCksgmkkitEw==",
            "license": "Apache-2.0",
            "dependencies": {
                "@openui5/sap.m": "1.149.1",
                "@openui5/sap.ui.core": "1.149.1",
                "@openui5/sap.ui.dt": "1.149.1",
                "@openui5/sap.ui.fl": "1.149.1",
                "@openui5/sap.ui.layout": "1.149.1"
            }
        },
        "node_modules/@openui5/sap.ui.suite": {
            "version": "1.149.1",
            "resolved": "https://registry.npmjs.org/@openui5/sap.ui.suite/-/sap.ui.suite-1.149.1.tgz",
            "integrity": "sha512-6rG4ulP6aCx3fFjlUKDDDvTJichEz1OIwCKJ9oVVhkKMsmVP5GhDzxT/+15Y6BHf8mSJAmFsWo01UWNAorFw6w==",
            "license": "Apache-2.0",
            "dependencies": {
                "@openui5/sap.ui.core": "1.149.1"
            }
        },
        "node_modules/@openui5/sap.ui.table": {
            "version": "1.149.1",
            "resolved": "https://registry.npmjs.org/@openui5/sap.ui.table/-/sap.ui.table-1.149.1.tgz",
            "integrity": "sha512-YYpwQdHGDYlzZ2PvU6isydVGGBsRAOjGWYqFKZDYvxIl1l0KR4LFRXpORpGdWBcigjQ3mee4MvMLGiAlKS1Qzg==",
            "license": "Apache-2.0",
            "dependencies": {
                "@openui5/sap.ui.core": "1.149.1",
                "@openui5/sap.ui.unified": "1.149.1"
            }
        },
        "node_modules/@openui5/sap.ui.unified": {
            "version": "1.149.1",
            "resolved": "https://registry.npmjs.org/@openui5/sap.ui.unified/-/sap.ui.unified-1.149.1.tgz",
            "integrity": "sha512-gLg50QwR6VrYXrVabiDYLLd3eIooh53L0o34pznu8wnGDVcMlzElEQDjZlU6U3grhZDfm28giYAy2g1lLxwcfw==",
            "license": "Apache-2.0",
            "dependencies": {
                "@openui5/sap.ui.core": "1.149.1"
            }
        },
        "node_modules/@openui5/sap.ui.ux3": {
            "version": "1.149.1",
            "resolved": "https://registry.npmjs.org/@openui5/sap.ui.ux3/-/sap.ui.ux3-1.149.1.tgz",
            "integrity": "sha512-MUdRvRuBCT+5CKMGylqgSMxM/bpJpkXO8JrtUgzE7ybP/Vfbx0R6WZwmelUbcNzCWqUof+njLdAbtW/ao8ZRpw==",
            "license": "Apache-2.0",
            "dependencies": {
                "@openui5/sap.ui.commons": "1.149.1",
                "@openui5/sap.ui.core": "1.149.1",
                "@openui5/sap.ui.unified": "1.149.1"
            }
        },
        "node_modules/@openui5/sap.uxap": {
            "version": "1.149.1",
            "resolved": "https://registry.npmjs.org/@openui5/sap.uxap/-/sap.uxap-1.149.1.tgz",
            "integrity": "sha512-FNfWe+DRXIpGWXB5d3Sl6NONQTHkoMAFO3nhpP9+XKYsjaz2o5m8PMdQ3FzYngijlH06tST2D0S7Pv7fUYR5Zg==",
            "license": "Apache-2.0",
            "dependencies": {
                "@openui5/sap.f": "1.149.1",
                "@openui5/sap.m": "1.149.1",
                "@openui5/sap.ui.core": "1.149.1",
                "@openui5/sap.ui.layout": "1.149.1"
            }
        },
        "node_modules/@openui5/themelib_sap_belize": {
            "version": "1.149.1",
            "resolved": "https://registry.npmjs.org/@openui5/themelib_sap_belize/-/themelib_sap_belize-1.149.1.tgz",
            "integrity": "sha512-9uGlvJXG4PmKyPNOh7/NQscG5H9AgDaJkQR+FXV4+MB4qKXw4C1C8QbfW5dCSrNipCIII+3E2DvoqqZabbCBCg==",
            "license": "Apache-2.0"
        },
        "node_modules/@openui5/themelib_sap_fiori_3": {
            "version": "1.149.1",
            "resolved": "https://registry.npmjs.org/@openui5/themelib_sap_fiori_3/-/themelib_sap_fiori_3-1.149.1.tgz",
            "integrity": "sha512-J3BKQIP9GnOQABYt3TyNlkpr0Q24leIH2+794iz5I1LQqFd/Efzu3Batz9p8TkvvJs+/kzhAjKsK2W0Dk4HS9Q==",
            "license": "Apache-2.0"
        },
        "node_modules/@openui5/themelib_sap_horizon": {
            "version": "1.149.1",
            "resolved": "https://registry.npmjs.org/@openui5/themelib_sap_horizon/-/themelib_sap_horizon-1.149.1.tgz",
            "integrity": "sha512-x2aOgE/nI+qmjJVT47S1wmGb7mLSzZpjItMU52TFnT77UxgZvpG0dn+trQK3a8YumOxYmOpPrqElIBc67qfKVA==",
            "license": "Apache-2.0"
        },
        "node_modules/@sap-theming/theming-base-content": {
            "version": "11.36.4",
            "resolved": "https://registry.npmjs.org/@sap-theming/theming-base-content/-/theming-base-content-11.36.4.tgz",
            "integrity": "sha512-LAcw9hDBTR4QUl2gxVWvErTmp1SHEV1kNhpWQXxv7hHfawY0VbXDv9AXhdy0XTua+PLSe/J1ZQX/eG76Dxd9rw==",
            "license": "Apache-2.0"
        },
        "node_modules/@types/jquery": {
            "version": "3.5.34",
            "resolved": "https://registry.npmjs.org/@types/jquery/-/jquery-3.5.34.tgz",
            "integrity": "sha512-3m3939S3erqmTLJANS/uy0B6V7BorKx7RorcGZVjZ62dF5PAGbKEDZK1CuLtKombJkFA2T1jl8LAIIs7IV6gBQ==",
            "license": "MIT",
            "dependencies": {
                "@types/sizzle": "*"
            }
        },
        "node_modules/@types/openui5": {
            "version": "1.149.0",
            "resolved": "https://registry.npmjs.org/@types/openui5/-/openui5-1.149.0.tgz",
            "integrity": "sha512-x7ylZEVwCXi/zvvHINMqzvmoF26O8DT2dvMcSyd2qXmfRyMPhT523mEOl5kWUl9S3S7DFEzs2/NtYJGejvBrmg==",
            "license": "MIT",
            "dependencies": {
                "@types/jquery": "~3.5.13",
                "@types/qunit": "^2.5.4"
            }
        },
        "node_modules/@types/qunit": {
            "version": "2.19.14",
            "resolved": "https://registry.npmjs.org/@types/qunit/-/qunit-2.19.14.tgz",
            "integrity": "sha512-ou2RMtwyDnW1btrMnDMZeL6V5/yRRbuHKrRC6y8IuzDljjVzw6wPCVFb8p4qJD0NkUkf3BdZeJJIBzjK1BUUDQ==",
            "license": "MIT"
        },
        "node_modules/@types/sizzle": {
            "version": "2.3.10",
            "resolved": "https://registry.npmjs.org/@types/sizzle/-/sizzle-2.3.10.tgz",
            "integrity": "sha512-TC0dmN0K8YcWEAEfiPi5gJP14eJe30TTGjkvek3iM/1NdHHsdCA/Td6GvNndMOo/iSnIsZ4HuuhrYPDAmbxzww==",
            "license": "MIT"
        },
        "node_modules/@types/trusted-types": {
            "version": "2.0.7",
            "resolved": "https://registry.npmjs.org/@types/trusted-types/-/trusted-types-2.0.7.tgz",
            "integrity": "sha512-ScaPdn1dQczgbl0QFTeTOmVHFULt394XJgOQNoyVhZ6r2vLnMLJfBPd53SB52T/3G36VI1/g2MZaX0cwDuXsfw==",
            "license": "MIT"
        },
        "node_modules/@ui5/webcomponents": {
            "version": "2.23.2",
            "resolved": "https://registry.npmjs.org/@ui5/webcomponents/-/webcomponents-2.23.2.tgz",
            "integrity": "sha512-oTXPT2a5esgbm3QpuEHktgfqZNzdz0B/HgsN4Wu2bl3LCDXdZ4MqHYAog7ISLzJ/X7grpWnndSefhsmYk1sgCg==",
            "license": "Apache-2.0",
            "dependencies": {
                "@ui5/webcomponents-base": "2.23.2",
                "@ui5/webcomponents-icons": "2.23.2",
                "@ui5/webcomponents-icons-business-suite": "2.23.2",
                "@ui5/webcomponents-icons-tnt": "2.23.2",
                "@ui5/webcomponents-localization": "2.23.2",
                "@ui5/webcomponents-theming": "2.23.2"
            }
        },
        "node_modules/@ui5/webcomponents-ai": {
            "version": "2.23.2",
            "resolved": "https://registry.npmjs.org/@ui5/webcomponents-ai/-/webcomponents-ai-2.23.2.tgz",
            "integrity": "sha512-mveKNL7X14BySckZO+lMMTiENWFVKPJENkc8sAULLv+32lrE9FnTM5xnwE7IEECo7EoDYvVtjUZZEv4lUPQjjA==",
            "license": "Apache-2.0",
            "dependencies": {
                "@ui5/webcomponents": "2.23.2",
                "@ui5/webcomponents-base": "2.23.2",
                "@ui5/webcomponents-icons": "2.23.2",
                "@ui5/webcomponents-theming": "2.23.2"
            }
        },
        "node_modules/@ui5/webcomponents-base": {
            "version": "2.23.2",
            "resolved": "https://registry.npmjs.org/@ui5/webcomponents-base/-/webcomponents-base-2.23.2.tgz",
            "integrity": "sha512-ub96Sqmm5x8ba+Rva69LX6j6VmY+9wpRhpmL9NgwR3IzHazCBqm5qgpZ9SlmV+46IwOhzVCw7xwNXhqhv3QOlA==",
            "license": "Apache-2.0",
            "dependencies": {
                "@lit-labs/ssr-dom-shim": "^1.1.2",
                "lit-html": "^2.0.1"
            },
            "peerDependencies": {
                "react": ">=18"
            },
            "peerDependenciesMeta": {
                "react": {
                    "optional": true
                }
            }
        },
        "node_modules/@ui5/webcomponents-compat": {
            "version": "2.23.2",
            "resolved": "https://registry.npmjs.org/@ui5/webcomponents-compat/-/webcomponents-compat-2.23.2.tgz",
            "integrity": "sha512-F204d83vulcqTW1xSK3nnnG971N6h8WyDv2/32cDScIHXd7QyJ9EhJR1ubBDp5K3VTHJjL5KY/cYx203llbP4g==",
            "license": "Apache-2.0",
            "dependencies": {
                "@ui5/webcomponents": "2.23.2",
                "@ui5/webcomponents-base": "2.23.2",
                "@ui5/webcomponents-icons": "2.23.2",
                "@ui5/webcomponents-theming": "2.23.2"
            }
        },
        "node_modules/@ui5/webcomponents-fiori": {
            "version": "2.23.2",
            "resolved": "https://registry.npmjs.org/@ui5/webcomponents-fiori/-/webcomponents-fiori-2.23.2.tgz",
            "integrity": "sha512-+FYMeKA1VhWR9MSn0hcQ+vXr6yiNheIC4OAZHB3esIETcx2Kc8gSqPM44DNPFBKSQJKnWyXJUfqCDgdM3cj0kQ==",
            "license": "Apache-2.0",
            "dependencies": {
                "@ui5/webcomponents": "2.23.2",
                "@ui5/webcomponents-base": "2.23.2",
                "@ui5/webcomponents-icons": "2.23.2",
                "@ui5/webcomponents-theming": "2.23.2",
                "@zxing/library": "^0.21.3"
            }
        },
        "node_modules/@ui5/webcomponents-icons": {
            "version": "2.23.2",
            "resolved": "https://registry.npmjs.org/@ui5/webcomponents-icons/-/webcomponents-icons-2.23.2.tgz",
            "integrity": "sha512-w0Sg9HSGvDm9IdxO+ByuX3Y0tF/8T8TupkZDrWN4F9SBrrOTYD4EofAGNzWrA+VzKKyM4lYrCmYIEycXObGNdA==",
            "license": "Apache-2.0",
            "dependencies": {
                "@ui5/webcomponents-base": "2.23.2"
            }
        },
        "node_modules/@ui5/webcomponents-icons-business-suite": {
            "version": "2.23.2",
            "resolved": "https://registry.npmjs.org/@ui5/webcomponents-icons-business-suite/-/webcomponents-icons-business-suite-2.23.2.tgz",
            "integrity": "sha512-czE/3D7Y/1ZJ6iDYzF7u3nDpYKGvcz0ECjo3hLh4jAAxofGv7r6Bb0HV6SBPegyLYIIoPVvIWuIQ81NGKWO7JQ==",
            "license": "Apache-2.0",
            "dependencies": {
                "@ui5/webcomponents-base": "2.23.2"
            }
        },
        "node_modules/@ui5/webcomponents-icons-tnt": {
            "version": "2.23.2",
            "resolved": "https://registry.npmjs.org/@ui5/webcomponents-icons-tnt/-/webcomponents-icons-tnt-2.23.2.tgz",
            "integrity": "sha512-akZ/R1rN9LiStv0s567/2WyQ4ZheWly/oYlM3KdO9Oywf0PEBB8doU6D65PyGb60r9jQx8R/nxOuKfMCKoArKA==",
            "license": "Apache-2.0",
            "dependencies": {
                "@ui5/webcomponents-base": "2.23.2"
            }
        },
        "node_modules/@ui5/webcomponents-localization": {
            "version": "2.23.2",
            "resolved": "https://registry.npmjs.org/@ui5/webcomponents-localization/-/webcomponents-localization-2.23.2.tgz",
            "integrity": "sha512-CdK0Tu2PciN2E85+w150a9h97fxin7GPyjl1EyXAq/PnfhSD7bVc2Cee0DOFJuoaDyrVySq8UPhMc+EgALerIA==",
            "license": "Apache-2.0",
            "dependencies": {
                "@types/openui5": "^1.146.0",
                "@ui5/webcomponents-base": "2.23.2"
            }
        },
        "node_modules/@ui5/webcomponents-theming": {
            "version": "2.23.2",
            "resolved": "https://registry.npmjs.org/@ui5/webcomponents-theming/-/webcomponents-theming-2.23.2.tgz",
            "integrity": "sha512-a2eChItMVonI1BNX8Q1p/yJrA2w/cbyBjdlt53W0SRG9seErUjT81sUVnnqu3eWD1WKoN3J5QijwL0xVZnFS6A==",
            "license": "Apache-2.0",
            "dependencies": {
                "@sap-theming/theming-base-content": "11.36.3",
                "@ui5/webcomponents-base": "2.23.2"
            }
        },
        "node_modules/@ui5/webcomponents-theming/node_modules/@sap-theming/theming-base-content": {
            "version": "11.36.3",
            "resolved": "https://registry.npmjs.org/@sap-theming/theming-base-content/-/theming-base-content-11.36.3.tgz",
            "integrity": "sha512-WmvioPrS64O76h4tvie2/qxK0ttiWlaYmsZd9cP+rkDqMKHnVkn3H+AUhu9R1BJIVLvLGubSFhbYbtB8C6YVvw==",
            "license": "Apache-2.0"
        },
        "node_modules/@zxing/library": {
            "version": "0.21.3",
            "resolved": "https://registry.npmjs.org/@zxing/library/-/library-0.21.3.tgz",
            "integrity": "sha512-hZHqFe2JyH/ZxviJZosZjV+2s6EDSY0O24R+FQmlWZBZXP9IqMo7S3nb3+2LBWxodJQkSurdQGnqE7KXqrYgow==",
            "license": "MIT",
            "dependencies": {
                "ts-custom-error": "^3.2.1"
            },
            "engines": {
                "node": ">= 10.4.0"
            },
            "optionalDependencies": {
                "@zxing/text-encoding": "~0.9.0"
            }
        },
        "node_modules/@zxing/text-encoding": {
            "version": "0.9.0",
            "resolved": "https://registry.npmjs.org/@zxing/text-encoding/-/text-encoding-0.9.0.tgz",
            "integrity": "sha512-U/4aVJ2mxI0aDNI8Uq0wEhMgY+u4CNtEb0om3+y3+niDAsoTCOB33UF0sxpzqzdqXLqmvc+vZyAt4O8pPdfkwA==",
            "license": "(Unlicense OR Apache-2.0)",
            "optional": true
        },
        "node_modules/fundamental-styles": {
            "version": "0.41.7",
            "resolved": "https://registry.npmjs.org/fundamental-styles/-/fundamental-styles-0.41.7.tgz",
            "integrity": "sha512-yhjaNcQQs71fj3OorVwnVvUsTlNPoaOc4Sv2cU0dt5MxeJvIGisDq8sLjTT1UPyj0OZ0jZhH+tZmPp0yRFsuwA==",
            "license": "Apache-2.0",
            "peerDependencies": {
                "@fundamental-styles/common-css": "0.41.7",
                "@sap-theming/theming-base-content": "^11.35.0"
            }
        },
        "node_modules/lit-html": {
            "version": "2.8.0",
            "resolved": "https://registry.npmjs.org/lit-html/-/lit-html-2.8.0.tgz",
            "integrity": "sha512-o9t+MQM3P4y7M7yNzqAyjp7z+mQGa4NS4CxiyLqFPyFWyc4O+nodLrkrxSaCTrla6M5YOLaT3RpbbqjszB5g3Q==",
            "license": "BSD-3-Clause",
            "dependencies": {
                "@types/trusted-types": "^2.0.2"
            }
        },
        "node_modules/ts-custom-error": {
            "version": "3.3.1",
            "resolved": "https://registry.npmjs.org/ts-custom-error/-/ts-custom-error-3.3.1.tgz",
            "integrity": "sha512-5OX1tzOjxWEgsr/YEUWSuPrQ00deKLh6D7OTWcvNHm12/7QPyRh8SYpyWvA4IZv8H/+GQWQEh/kwo95Q9OVW1A==",
            "license": "MIT",
            "engines": {
                "node": ">=14.0.0"
            }
        }
    }
}
